<Solution>
  <Configurations>
    <Platform Name="Win32" />
    <Platform Name="x64" />
  </Configurations>
  <Project Path="mhook-test.vcxproj" />
  <Properties Name="DPCodeReviewSolutionGUID">
    <Property Name="DPCodeReviewSolutionGUID" Value="{00000000-0000-0000-0000-000000000000}" />
  </Properties>
</Solution>
